// !$*UTF8*$!
{
	archiveVersion = 1;
	classes = {
	};
	objectVersion = 50;
	objects = {

/* Begin PBXBuildFile section */
		878F9A1324E96407005F515D /* VisualEffectView.swift in Sources */ = {isa = PBXBuildFile; fileRef = 878F9A1224E96407005F515D /* VisualEffectView.swift */; };
		878F9A1924E9BE70005F515D /* ObservedKeyInput.swift in Sources */ = {isa = PBXBuildFile; fileRef = 878F9A1824E9BE70005F515D /* ObservedKeyInput.swift */; };
		878F9A1B24EA3730005F515D /* ObservedOpacity.swift in Sources */ = {isa = PBXBuildFile; fileRef = 878F9A1A24EA3730005F515D /* ObservedOpacity.swift */; };
		878F9A1E24EA75C5005F515D /* ObservedInput.swift in Sources */ = {isa = PBXBuildFile; fileRef = 878F9A1D24EA75C5005F515D /* ObservedInput.swift */; };
		878F9A2524EAFC27005F515D /* Swift-Big-Number-Core.swift in Sources */ = {isa = PBXBuildFile; fileRef = 878F9A2424EAFC27005F515D /* Swift-Big-Number-Core.swift */; };
		878F9A2C24EBAA5A005F515D /* Extensions.swift in Sources */ = {isa = PBXBuildFile; fileRef = 878F9A2B24EBAA5A005F515D /* Extensions.swift */; };
		879968F124E946BD00A107FD /* MainWindow.swift in Sources */ = {isa = PBXBuildFile; fileRef = 879968F024E946BD00A107FD /* MainWindow.swift */; };
		879968F324E947DB00A107FD /* MainPopover.swift in Sources */ = {isa = PBXBuildFile; fileRef = 879968F224E947DB00A107FD /* MainPopover.swift */; };
		879E33AB24E82A1900525456 /* ButtonView.swift in Sources */ = {isa = PBXBuildFile; fileRef = 879E33AA24E82A1900525456 /* ButtonView.swift */; };
		87ABC3C124E7F8030075B7D3 /* AppDelegate.swift in Sources */ = {isa = PBXBuildFile; fileRef = 87ABC3C024E7F8030075B7D3 /* AppDelegate.swift */; };
		87ABC3C324E7F8030075B7D3 /* ContentView.swift in Sources */ = {isa = PBXBuildFile; fileRef = 87ABC3C224E7F8030075B7D3 /* ContentView.swift */; };
		87ABC3C524E7F8040075B7D3 /* Assets.xcassets in Resources */ = {isa = PBXBuildFile; fileRef = 87ABC3C424E7F8040075B7D3 /* Assets.xcassets */; };
		87ABC3C824E7F8040075B7D3 /* Preview Assets.xcassets in Resources */ = {isa = PBXBuildFile; fileRef = 87ABC3C724E7F8040075B7D3 /* Preview Assets.xcassets */; };
		87ABC3CB24E7F8040075B7D3 /* Main.storyboard in Resources */ = {isa = PBXBuildFile; fileRef = 87ABC3C924E7F8040075B7D3 /* Main.storyboard */; };
		87C5507924EBFF0C0059228E /* Localizable.strings in Resources */ = {isa = PBXBuildFile; fileRef = 87C5507B24EBFF0C0059228E /* Localizable.strings */; };
		87C5507F24EC00600059228E /* InfoPlist.strings in Resources */ = {isa = PBXBuildFile; fileRef = 87C5508124EC00600059228E /* InfoPlist.strings */; };
		87C5508724EC0F0F0059228E /* sfs.ttf in Copy Files */ = {isa = PBXBuildFile; fileRef = 87C5508524EC0EC20059228E /* sfs.ttf */; };
/* End PBXBuildFile section */

/* Begin PBXCopyFilesBuildPhase section */
		878F4BBB24E806CA00A22F7D /* Embed Frameworks */ = {
			isa = PBXCopyFilesBuildPhase;
			buildActionMask = 2147483647;
			dstPath = "";
			dstSubfolderSpec = 10;
			files = (
			);
			name = "Embed Frameworks";
			runOnlyForDeploymentPostprocessing = 0;
		};
		87ABC3F924E7FA150075B7D3 /* Embed App Extensions */ = {
			isa = PBXCopyFilesBuildPhase;
			buildActionMask = 2147483647;
			dstPath = "";
			dstSubfolderSpec = 13;
			files = (
			);
			name = "Embed App Extensions";
			runOnlyForDeploymentPostprocessing = 0;
		};
		87C5508624EC0EFB0059228E /* Copy Files */ = {
			isa = PBXCopyFilesBuildPhase;
			buildActionMask = 2147483647;
			dstPath = Fonts;
			dstSubfolderSpec = 7;
			files = (
				87C5508724EC0F0F0059228E /* sfs.ttf in Copy Files */,
			);
			name = "Copy Files";
			runOnlyForDeploymentPostprocessing = 0;
		};
/* End PBXCopyFilesBuildPhase section */

/* Begin PBXFileReference section */
		878F9A1224E96407005F515D /* VisualEffectView.swift */ = {isa = PBXFileReference; lastKnownFileType = sourcecode.swift; path = VisualEffectView.swift; sourceTree = "<group>"; };
		878F9A1824E9BE70005F515D /* ObservedKeyInput.swift */ = {isa = PBXFileReference; lastKnownFileType = sourcecode.swift; path = ObservedKeyInput.swift; sourceTree = "<group>"; };
		878F9A1A24EA3730005F515D /* ObservedOpacity.swift */ = {isa = PBXFileReference; lastKnownFileType = sourcecode.swift; path = ObservedOpacity.swift; sourceTree = "<group>"; };
		878F9A1D24EA75C5005F515D /* ObservedInput.swift */ = {isa = PBXFileReference; lastKnownFileType = sourcecode.swift; path = ObservedInput.swift; sourceTree = "<group>"; };
		878F9A2424EAFC27005F515D /* Swift-Big-Number-Core.swift */ = {isa = PBXFileReference; fileEncoding = 4; lastKnownFileType = sourcecode.swift; path = "Swift-Big-Number-Core.swift"; sourceTree = "<group>"; };
		878F9A2B24EBAA5A005F515D /* Extensions.swift */ = {isa = PBXFileReference; lastKnownFileType = sourcecode.swift; path = Extensions.swift; sourceTree = "<group>"; };
		879968F024E946BD00A107FD /* MainWindow.swift */ = {isa = PBXFileReference; lastKnownFileType = sourcecode.swift; path = MainWindow.swift; sourceTree = "<group>"; };
		879968F224E947DB00A107FD /* MainPopover.swift */ = {isa = PBXFileReference; lastKnownFileType = sourcecode.swift; path = MainPopover.swift; sourceTree = "<group>"; };
		879E33AA24E82A1900525456 /* ButtonView.swift */ = {isa = PBXFileReference; lastKnownFileType = sourcecode.swift; path = ButtonView.swift; sourceTree = "<group>"; };
		87ABC3BD24E7F8030075B7D3 /* RarelyCalculator.app */ = {isa = PBXFileReference; explicitFileType = wrapper.application; includeInIndex = 0; path = RarelyCalculator.app; sourceTree = BUILT_PRODUCTS_DIR; };
		87ABC3C024E7F8030075B7D3 /* AppDelegate.swift */ = {isa = PBXFileReference; lastKnownFileType = sourcecode.swift; path = AppDelegate.swift; sourceTree = "<group>"; };
		87ABC3C224E7F8030075B7D3 /* ContentView.swift */ = {isa = PBXFileReference; lastKnownFileType = sourcecode.swift; path = ContentView.swift; sourceTree = "<group>"; };
		87ABC3C424E7F8040075B7D3 /* Assets.xcassets */ = {isa = PBXFileReference; lastKnownFileType = folder.assetcatalog; path = Assets.xcassets; sourceTree = "<group>"; };
		87ABC3C724E7F8040075B7D3 /* Preview Assets.xcassets */ = {isa = PBXFileReference; lastKnownFileType = folder.assetcatalog; path = "Preview Assets.xcassets"; sourceTree = "<group>"; };
		87ABC3CA24E7F8040075B7D3 /* Base */ = {isa = PBXFileReference; lastKnownFileType = file.storyboard; name = Base; path = Base.lproj/Main.storyboard; sourceTree = "<group>"; };
		87ABC3CC24E7F8040075B7D3 /* Info.plist */ = {isa = PBXFileReference; lastKnownFileType = text.plist.xml; path = Info.plist; sourceTree = "<group>"; };
		87ABC3CD24E7F8040075B7D3 /* RarelyCalculator.entitlements */ = {isa = PBXFileReference; lastKnownFileType = text.plist.entitlements; path = RarelyCalculator.entitlements; sourceTree = "<group>"; };
		87ABC3D624E7F8AA0075B7D3 /* zh-Hans */ = {isa = PBXFileReference; lastKnownFileType = text.plist.strings; name = "zh-Hans"; path = "zh-Hans.lproj/Main.strings"; sourceTree = "<group>"; };
		87ABC3E524E7FA140075B7D3 /* WidgetKit.framework */ = {isa = PBXFileReference; lastKnownFileType = wrapper.framework; name = WidgetKit.framework; path = System/Library/Frameworks/WidgetKit.framework; sourceTree = SDKROOT; };
		87ABC3E724E7FA140075B7D3 /* SwiftUI.framework */ = {isa = PBXFileReference; lastKnownFileType = wrapper.framework; name = SwiftUI.framework; path = System/Library/Frameworks/SwiftUI.framework; sourceTree = SDKROOT; };
		87C5507A24EBFF0C0059228E /* en */ = {isa = PBXFileReference; lastKnownFileType = text.plist.strings; name = en; path = en.lproj/Localizable.strings; sourceTree = "<group>"; };
		87C5507C24EBFF140059228E /* zh-Hans */ = {isa = PBXFileReference; lastKnownFileType = text.plist.strings; name = "zh-Hans"; path = "zh-Hans.lproj/Localizable.strings"; sourceTree = "<group>"; };
		87C5508024EC00600059228E /* en */ = {isa = PBXFileReference; lastKnownFileType = text.plist.strings; name = en; path = en.lproj/InfoPlist.strings; sourceTree = "<group>"; };
		87C5508224EC00640059228E /* zh-Hans */ = {isa = PBXFileReference; lastKnownFileType = text.plist.strings; name = "zh-Hans"; path = "zh-Hans.lproj/InfoPlist.strings"; sourceTree = "<group>"; };
		87C5508524EC0EC20059228E /* sfs.ttf */ = {isa = PBXFileReference; lastKnownFileType = file; path = sfs.ttf; sourceTree = "<group>"; };
/* End PBXFileReference section */

/* Begin PBXFrameworksBuildPhase section */
		87ABC3BA24E7F8030075B7D3 /* Frameworks */ = {
			isa = PBXFrameworksBuildPhase;
			buildActionMask = 2147483647;
			files = (
			);
			runOnlyForDeploymentPostprocessing = 0;
		};
/* End PBXFrameworksBuildPhase section */

/* Begin PBXGroup section */
		878F9A1C24EA50C8005F515D /* Windows */ = {
			isa = PBXGroup;
			children = (
				879968F024E946BD00A107FD /* MainWindow.swift */,
				879968F224E947DB00A107FD /* MainPopover.swift */,
			);
			path = Windows;
			sourceTree = "<group>";
		};
		879968E924E9422700A107FD /* Helpers */ = {
			isa = PBXGroup;
			children = (
				878F9A2424EAFC27005F515D /* Swift-Big-Number-Core.swift */,
				878F9A1224E96407005F515D /* VisualEffectView.swift */,
				878F9A1824E9BE70005F515D /* ObservedKeyInput.swift */,
				878F9A1A24EA3730005F515D /* ObservedOpacity.swift */,
				878F9A1D24EA75C5005F515D /* ObservedInput.swift */,
				878F9A2B24EBAA5A005F515D /* Extensions.swift */,
			);
			path = Helpers;
			sourceTree = "<group>";
		};
		87ABC3B424E7F8030075B7D3 = {
			isa = PBXGroup;
			children = (
				87ABC3BF24E7F8030075B7D3 /* RarelyCalculator */,
				87ABC3E424E7FA140075B7D3 /* Frameworks */,
				87ABC3BE24E7F8030075B7D3 /* Products */,
			);
			sourceTree = "<group>";
		};
		87ABC3BE24E7F8030075B7D3 /* Products */ = {
			isa = PBXGroup;
			children = (
				87ABC3BD24E7F8030075B7D3 /* RarelyCalculator.app */,
			);
			name = Products;
			sourceTree = "<group>";
		};
		87ABC3BF24E7F8030075B7D3 /* RarelyCalculator */ = {
			isa = PBXGroup;
			children = (
				87ABC3C024E7F8030075B7D3 /* AppDelegate.swift */,
				87ABC3C224E7F8030075B7D3 /* ContentView.swift */,
				87ABC3C424E7F8040075B7D3 /* Assets.xcassets */,
				87ABC3C924E7F8040075B7D3 /* Main.storyboard */,
				87ABC3CC24E7F8040075B7D3 /* Info.plist */,
				87C5508124EC00600059228E /* InfoPlist.strings */,
				87C5507B24EBFF0C0059228E /* Localizable.strings */,
				87ABC3CD24E7F8040075B7D3 /* RarelyCalculator.entitlements */,
				878F9A1C24EA50C8005F515D /* Windows */,
				879968E924E9422700A107FD /* Helpers */,
				87ABC3DC24E7F9E30075B7D3 /* Views */,
				87C5508324EC0E660059228E /* Fonts */,
				87ABC3C624E7F8040075B7D3 /* Preview Content */,
			);
			path = RarelyCalculator;
			sourceTree = "<group>";
		};
		87ABC3C624E7F8040075B7D3 /* Preview Content */ = {
			isa = PBXGroup;
			children = (
				87ABC3C724E7F8040075B7D3 /* Preview Assets.xcassets */,
			);
			path = "Preview Content";
			sourceTree = "<group>";
		};
		87ABC3DC24E7F9E30075B7D3 /* Views */ = {
			isa = PBXGroup;
			children = (
				879E33AA24E82A1900525456 /* ButtonView.swift */,
			);
			path = Views;
			sourceTree = "<group>";
		};
		87ABC3E424E7FA140075B7D3 /* Frameworks */ = {
			isa = PBXGroup;
			children = (
				87ABC3E524E7FA140075B7D3 /* WidgetKit.framework */,
				87ABC3E724E7FA140075B7D3 /* SwiftUI.framework */,
			);
			name = Frameworks;
			sourceTree = "<group>";
		};
		87C5508324EC0E660059228E /* Fonts */ = {
			isa = PBXGroup;
			children = (
				87C5508524EC0EC20059228E /* sfs.ttf */,
			);
			path = Fonts;
			sourceTree = "<group>";
		};
/* End PBXGroup section */

/* Begin PBXNativeTarget section */
		87ABC3BC24E7F8030075B7D3 /* RarelyCalculator */ = {
			isa = PBXNativeTarget;
			buildConfigurationList = 87ABC3D024E7F8040075B7D3 /* Build configuration list for PBXNativeTarget "RarelyCalculator" */;
			buildPhases = (
				87ABC3B924E7F8030075B7D3 /* Sources */,
				87ABC3BA24E7F8030075B7D3 /* Frameworks */,
				87ABC3BB24E7F8030075B7D3 /* Resources */,
				87ABC3F924E7FA150075B7D3 /* Embed App Extensions */,
				878F4BBB24E806CA00A22F7D /* Embed Frameworks */,
				87C5508624EC0EFB0059228E /* Copy Files */,
			);
			buildRules = (
			);
			dependencies = (
			);
			name = RarelyCalculator;
			packageProductDependencies = (
			);
			productName = RarelyCalculator;
			productReference = 87ABC3BD24E7F8030075B7D3 /* RarelyCalculator.app */;
			productType = "com.apple.product-type.application";
		};
/* End PBXNativeTarget section */

/* Begin PBXProject section */
		87ABC3B524E7F8030075B7D3 /* Project object */ = {
			isa = PBXProject;
			attributes = {
				LastSwiftUpdateCheck = 1200;
				LastUpgradeCheck = 1200;
				TargetAttributes = {
					87ABC3BC24E7F8030075B7D3 = {
						CreatedOnToolsVersion = 12.0;
					};
				};
			};
			buildConfigurationList = 87ABC3B824E7F8030075B7D3 /* Build configuration list for PBXProject "RarelyCalculator" */;
			compatibilityVersion = "Xcode 9.3";
			developmentRegion = en;
			hasScannedForEncodings = 0;
			knownRegions = (
				en,
				Base,
				"zh-Hans",
			);
			mainGroup = 87ABC3B424E7F8030075B7D3;
			packageReferences = (
			);
			productRefGroup = 87ABC3BE24E7F8030075B7D3 /* Products */;
			projectDirPath = "";
			projectRoot = "";
			targets = (
				87ABC3BC24E7F8030075B7D3 /* RarelyCalculator */,
			);
		};
/* End PBXProject section */

/* Begin PBXResourcesBuildPhase section */
		87ABC3BB24E7F8030075B7D3 /* Resources */ = {
			isa = PBXResourcesBuildPhase;
			buildActionMask = 2147483647;
			files = (
				87C5507924EBFF0C0059228E /* Localizable.strings in Resources */,
				87ABC3CB24E7F8040075B7D3 /* Main.storyboard in Resources */,
				87ABC3C824E7F8040075B7D3 /* Preview Assets.xcassets in Resources */,
				87ABC3C524E7F8040075B7D3 /* Assets.xcassets in Resources */,
				87C5507F24EC00600059228E /* InfoPlist.strings in Resources */,
			);
			runOnlyForDeploymentPostprocessing = 0;
		};
/* End PBXResourcesBuildPhase section */

/* Begin PBXSourcesBuildPhase section */
		87ABC3B924E7F8030075B7D3 /* Sources */ = {
			isa = PBXSourcesBuildPhase;
			buildActionMask = 2147483647;
			files = (
				878F9A1E24EA75C5005F515D /* ObservedInput.swift in Sources */,
				879968F124E946BD00A107FD /* MainWindow.swift in Sources */,
				879968F324E947DB00A107FD /* MainPopover.swift in Sources */,
				87ABC3C324E7F8030075B7D3 /* ContentView.swift in Sources */,
				878F9A1324E96407005F515D /* VisualEffectView.swift in Sources */,
				878F9A1B24EA3730005F515D /* ObservedOpacity.swift in Sources */,
				878F9A2524EAFC27005F515D /* Swift-Big-Number-Core.swift in Sources */,
				878F9A1924E9BE70005F515D /* ObservedKeyInput.swift in Sources */,
				87ABC3C124E7F8030075B7D3 /* AppDelegate.swift in Sources */,
				878F9A2C24EBAA5A005F515D /* Extensions.swift in Sources */,
				879E33AB24E82A1900525456 /* ButtonView.swift in Sources */,
			);
			runOnlyForDeploymentPostprocessing = 0;
		};
/* End PBXSourcesBuildPhase section */

/* Begin PBXVariantGroup section */
		87ABC3C924E7F8040075B7D3 /* Main.storyboard */ = {
			isa = PBXVariantGroup;
			children = (
				87ABC3CA24E7F8040075B7D3 /* Base */,
				87ABC3D624E7F8AA0075B7D3 /* zh-Hans */,
			);
			name = Main.storyboard;
			sourceTree = "<group>";
		};
		87C5507B24EBFF0C0059228E /* Localizable.strings */ = {
			isa = PBXVariantGroup;
			children = (
				87C5507A24EBFF0C0059228E /* en */,
				87C5507C24EBFF140059228E /* zh-Hans */,
			);
			name = Localizable.strings;
			sourceTree = "<group>";
		};
		87C5508124EC00600059228E /* InfoPlist.strings */ = {
			isa = PBXVariantGroup;
			children = (
				87C5508024EC00600059228E /* en */,
				87C5508224EC00640059228E /* zh-Hans */,
			);
			name = InfoPlist.strings;
			sourceTree = "<group>";
		};
/* End PBXVariantGroup section */

/* Begin XCBuildConfiguration section */
		87ABC3CE24E7F8040075B7D3 /* Debug */ = {
			isa = XCBuildConfiguration;
			buildSettings = {
				ALWAYS_SEARCH_USER_PATHS = NO;
				CLANG_ANALYZER_LOCALIZABILITY_NONLOCALIZED = YES;
				CLANG_ANALYZER_NONNULL = YES;
				CLANG_ANALYZER_NUMBER_OBJECT_CONVERSION = YES_AGGRESSIVE;
				CLANG_CXX_LANGUAGE_STANDARD = "gnu++14";
				CLANG_CXX_LIBRARY = "libc++";
				CLANG_ENABLE_MODULES = YES;
				CLANG_ENABLE_OBJC_ARC = YES;
				CLANG_ENABLE_OBJC_WEAK = YES;
				CLANG_WARN_BLOCK_CAPTURE_AUTORELEASING = YES;
				CLANG_WARN_BOOL_CONVERSION = YES;
				CLANG_WARN_COMMA = YES;
				CLANG_WARN_CONSTANT_CONVERSION = YES;
				CLANG_WARN_DEPRECATED_OBJC_IMPLEMENTATIONS = YES;
				CLANG_WARN_DIRECT_OBJC_ISA_USAGE = YES_ERROR;
				CLANG_WARN_DOCUMENTATION_COMMENTS = YES;
				CLANG_WARN_EMPTY_BODY = YES;
				CLANG_WARN_ENUM_CONVERSION = YES;
				CLANG_WARN_INFINITE_RECURSION = YES;
				CLANG_WARN_INT_CONVERSION = YES;
				CLANG_WARN_NON_LITERAL_NULL_CONVERSION = YES;
				CLANG_WARN_OBJC_IMPLICIT_RETAIN_SELF = YES;
				CLANG_WARN_OBJC_LITERAL_CONVERSION = YES;
				CLANG_WARN_OBJC_ROOT_CLASS = YES_ERROR;
				CLANG_WARN_QUOTED_INCLUDE_IN_FRAMEWORK_HEADER = YES;
				CLANG_WARN_RANGE_LOOP_ANALYSIS = YES;
				CLANG_WARN_STRICT_PROTOTYPES = YES;
				CLANG_WARN_SUSPICIOUS_MOVE = YES;
				CLANG_WARN_UNGUARDED_AVAILABILITY = YES_AGGRESSIVE;
				CLANG_WARN_UNREACHABLE_CODE = YES;
				CLANG_WARN__DUPLICATE_METHOD_MATCH = YES;
				COPY_PHASE_STRIP = NO;
				DEBUG_INFORMATION_FORMAT = dwarf;
				ENABLE_STRICT_OBJC_MSGSEND = YES;
				ENABLE_TESTABILITY = YES;
				GCC_C_LANGUAGE_STANDARD = gnu11;
				GCC_DYNAMIC_NO_PIC = NO;
				GCC_NO_COMMON_BLOCKS = YES;
				GCC_OPTIMIZATION_LEVEL = 0;
				GCC_PREPROCESSOR_DEFINITIONS = (
					"DEBUG=1",
					"$(inherited)",
				);
				GCC_WARN_64_TO_32_BIT_CONVERSION = YES;
				GCC_WARN_ABOUT_RETURN_TYPE = YES_ERROR;
				GCC_WARN_UNDECLARED_SELECTOR = YES;
				GCC_WARN_UNINITIALIZED_AUTOS = YES_AGGRESSIVE;
				GCC_WARN_UNUSED_FUNCTION = YES;
				GCC_WARN_UNUSED_VARIABLE = YES;
				MACOSX_DEPLOYMENT_TARGET = 11.0;
				MTL_ENABLE_DEBUG_INFO = INCLUDE_SOURCE;
				MTL_FAST_MATH = YES;
				ONLY_ACTIVE_ARCH = YES;
				SDKROOT = macosx;
				SWIFT_ACTIVE_COMPILATION_CONDITIONS = DEBUG;
				SWIFT_OPTIMIZATION_LEVEL = "-Onone";
			};
			name = Debug;
		};
		87ABC3CF24E7F8040075B7D3 /* Release */ = {
			isa = XCBuildConfiguration;
			buildSettings = {
				ALWAYS_SEARCH_USER_PATHS = NO;
				CLANG_ANALYZER_LOCALIZABILITY_NONLOCALIZED = YES;
				CLANG_ANALYZER_NONNULL = YES;
				CLANG_ANALYZER_NUMBER_OBJECT_CONVERSION = YES_AGGRESSIVE;
				CLANG_CXX_LANGUAGE_STANDARD = "gnu++14";
				CLANG_CXX_LIBRARY = "libc++";
				CLANG_ENABLE_MODULES = YES;
				CLANG_ENABLE_OBJC_ARC = YES;
				CLANG_ENABLE_OBJC_WEAK = YES;
				CLANG_WARN_BLOCK_CAPTURE_AUTORELEASING = YES;
				CLANG_WARN_BOOL_CONVERSION = YES;
				CLANG_WARN_COMMA = YES;
				CLANG_WARN_CONSTANT_CONVERSION = YES;
				CLANG_WARN_DEPRECATED_OBJC_IMPLEMENTATIONS = YES;
				CLANG_WARN_DIRECT_OBJC_ISA_USAGE = YES_ERROR;
				CLANG_WARN_DOCUMENTATION_COMMENTS = YES;
				CLANG_WARN_EMPTY_BODY = YES;
				CLANG_WARN_ENUM_CONVERSION = YES;
				CLANG_WARN_INFINITE_RECURSION = YES;
				CLANG_WARN_INT_CONVERSION = YES;
				CLANG_WARN_NON_LITERAL_NULL_CONVERSION = YES;
				CLANG_WARN_OBJC_IMPLICIT_RETAIN_SELF = YES;
				CLANG_WARN_OBJC_LITERAL_CONVERSION = YES;
				CLANG_WARN_OBJC_ROOT_CLASS = YES_ERROR;
				CLANG_WARN_QUOTED_INCLUDE_IN_FRAMEWORK_HEADER = YES;
				CLANG_WARN_RANGE_LOOP_ANALYSIS = YES;
				CLANG_WARN_STRICT_PROTOTYPES = YES;
				CLANG_WARN_SUSPICIOUS_MOVE = YES;
				CLANG_WARN_UNGUARDED_AVAILABILITY = YES_AGGRESSIVE;
				CLANG_WARN_UNREACHABLE_CODE = YES;
				CLANG_WARN__DUPLICATE_METHOD_MATCH = YES;
				COPY_PHASE_STRIP = NO;
				DEBUG_INFORMATION_FORMAT = "dwarf-with-dsym";
				ENABLE_NS_ASSERTIONS = NO;
				ENABLE_STRICT_OBJC_MSGSEND = YES;
				GCC_C_LANGUAGE_STANDARD = gnu11;
				GCC_NO_COMMON_BLOCKS = YES;
				GCC_WARN_64_TO_32_BIT_CONVERSION = YES;
				GCC_WARN_ABOUT_RETURN_TYPE = YES_ERROR;
				GCC_WARN_UNDECLARED_SELECTOR = YES;
				GCC_WARN_UNINITIALIZED_AUTOS = YES_AGGRESSIVE;
				GCC_WARN_UNUSED_FUNCTION = YES;
				GCC_WARN_UNUSED_VARIABLE = YES;
				MACOSX_DEPLOYMENT_TARGET = 11.0;
				MTL_ENABLE_DEBUG_INFO = NO;
				MTL_FAST_MATH = YES;
				SDKROOT = macosx;
				SWIFT_COMPILATION_MODE = wholemodule;
				SWIFT_OPTIMIZATION_LEVEL = "-O";
			};
			name = Release;
		};
		87ABC3D124E7F8040075B7D3 /* Debug */ = {
			isa = XCBuildConfiguration;
			buildSettings = {
				ALWAYS_EMBED_SWIFT_STANDARD_LIBRARIES = YES;
				ASSETCATALOG_COMPILER_APPICON_NAME = AppIcon;
				ASSETCATALOG_COMPILER_GLOBAL_ACCENT_COLOR_NAME = AccentColor;
				CODE_SIGN_ENTITLEMENTS = RarelyCalculator/RarelyCalculator.entitlements;
				CODE_SIGN_STYLE = Automatic;
				COMBINE_HIDPI_IMAGES = YES;
				DEVELOPMENT_ASSET_PATHS = "\"RarelyCalculator/Preview Content\"";
				ENABLE_PREVIEWS = YES;
				INFOPLIST_FILE = RarelyCalculator/Info.plist;
				LD_RUNPATH_SEARCH_PATHS = (
					"$(inherited)",
					"@executable_path/../Frameworks",
				);
				MACOSX_DEPLOYMENT_TARGET = 10.15;
				PRODUCT_BUNDLE_IDENTIFIER = com.liasica.RarelyCalculator;
				PRODUCT_NAME = "$(TARGET_NAME)";
				SWIFT_VERSION = 5.0;
			};
			name = Debug;
		};
		87ABC3D224E7F8040075B7D3 /* Release */ = {
			isa = XCBuildConfiguration;
			buildSettings = {
				ALWAYS_EMBED_SWIFT_STANDARD_LIBRARIES = YES;
				ASSETCATALOG_COMPILER_APPICON_NAME = AppIcon;
				ASSETCATALOG_COMPILER_GLOBAL_ACCENT_COLOR_NAME = AccentColor;
				CODE_SIGN_ENTITLEMENTS = RarelyCalculator/RarelyCalculator.entitlements;
				CODE_SIGN_STYLE = Automatic;
				COMBINE_HIDPI_IMAGES = YES;
				DEVELOPMENT_ASSET_PATHS = "\"RarelyCalculator/Preview Content\"";
				ENABLE_PREVIEWS = YES;
				INFOPLIST_FILE = RarelyCalculator/Info.plist;
				LD_RUNPATH_SEARCH_PATHS = (
					"$(inherited)",
					"@executable_path/../Frameworks",
				);
				MACOSX_DEPLOYMENT_TARGET = 10.15;
				PRODUCT_BUNDLE_IDENTIFIER = com.liasica.RarelyCalculator;
				PRODUCT_NAME = "$(TARGET_NAME)";
				SWIFT_VERSION = 5.0;
			};
			name = Release;
		};
/* End XCBuildConfiguration section */

/* Begin XCConfigurationList section */
		87ABC3B824E7F8030075B7D3 /* Build configuration list for PBXProject "RarelyCalculator" */ = {
			isa = XCConfigurationList;
			buildConfigurations = (
				87ABC3CE24E7F8040075B7D3 /* Debug */,
				87ABC3CF24E7F8040075B7D3 /* Release */,
			);
			defaultConfigurationIsVisible = 0;
			defaultConfigurationName = Release;
		};
		87ABC3D024E7F8040075B7D3 /* Build configuration list for PBXNativeTarget "RarelyCalculator" */ = {
			isa = XCConfigurationList;
			buildConfigurations = (
				87ABC3D124E7F8040075B7D3 /* Debug */,
				87ABC3D224E7F8040075B7D3 /* Release */,
			);
			defaultConfigurationIsVisible = 0;
			defaultConfigurationName = Release;
		};
/* End XCConfigurationList section */
	};
	rootObject = 87ABC3B524E7F8030075B7D3 /* Project object */;
}
